// !$*UTF8*$!
{
	archiveVersion = 1;
	classes = {
	};
	objectVersion = 46;
	objects = {

/* Begin PBXBuildFile section */
		15DFE81E344F47F5A759C997 /* Pods_Cryptare.framework in Frameworks */ = {isa = PBXBuildFile; fileRef = F91BB410863D3FDD24A42599 /* Pods_Cryptare.framework */; };
		7A7C244BA027D9F18FDBA49F /* Pods_BtcTests.framework in Frameworks */ = {isa = PBXBuildFile; fileRef = 5629BB1E73FD556D76AB4FF6 /* Pods_BtcTests.framework */; };
		8602BAAE1F83C824003733E8 /* GradientView.swift in Sources */ = {isa = PBXBuildFile; fileRef = 8602BAAD1F83C824003733E8 /* GradientView.swift */; };
		8602BAAF1F83C824003733E8 /* GradientView.swift in Sources */ = {isa = PBXBuildFile; fileRef = 8602BAAD1F83C824003733E8 /* GradientView.swift */; };
		8602BAB71F83D217003733E8 /* UIColor+Extensions.swift in Sources */ = {isa = PBXBuildFile; fileRef = 8602BAB61F83D217003733E8 /* UIColor+Extensions.swift */; };
		8602BAB81F83D217003733E8 /* UIColor+Extensions.swift in Sources */ = {isa = PBXBuildFile; fileRef = 8602BAB61F83D217003733E8 /* UIColor+Extensions.swift */; };
		863474711F08262000E7EB86 /* MarketViewController.swift in Sources */ = {isa = PBXBuildFile; fileRef = 863474701F08262000E7EB86 /* MarketViewController.swift */; };
		863474731F08262000E7EB86 /* NewsViewController.swift in Sources */ = {isa = PBXBuildFile; fileRef = 863474721F08262000E7EB86 /* NewsViewController.swift */; };
		863474781F08262000E7EB86 /* Assets.xcassets in Resources */ = {isa = PBXBuildFile; fileRef = 863474771F08262000E7EB86 /* Assets.xcassets */; };
		8634747B1F08262000E7EB86 /* LaunchScreen.storyboard in Resources */ = {isa = PBXBuildFile; fileRef = 863474791F08262000E7EB86 /* LaunchScreen.storyboard */; };
		863474861F08262000E7EB86 /* BtcTests.swift in Sources */ = {isa = PBXBuildFile; fileRef = 863474851F08262000E7EB86 /* BtcTests.swift */; };
		863474911F08262000E7EB86 /* BtcUITests.swift in Sources */ = {isa = PBXBuildFile; fileRef = 863474901F08262000E7EB86 /* BtcUITests.swift */; };
		8634749F1F082E7000E7EB86 /* BtcPrices.swift in Sources */ = {isa = PBXBuildFile; fileRef = 8634749E1F082E7000E7EB86 /* BtcPrices.swift */; };
		863474A11F0BB02800E7EB86 /* MyCollectionViewCell.swift in Sources */ = {isa = PBXBuildFile; fileRef = 863474A01F0BB02800E7EB86 /* MyCollectionViewCell.swift */; };
		863474A31F0BB11E00E7EB86 /* AppDelegate.swift in Sources */ = {isa = PBXBuildFile; fileRef = 863474A21F0BB11E00E7EB86 /* AppDelegate.swift */; };
		863474A71F0BCCCD00E7EB86 /* CollectionViewHeader.swift in Sources */ = {isa = PBXBuildFile; fileRef = 863474A61F0BCCCD00E7EB86 /* CollectionViewHeader.swift */; };
		863474B31F0CE50F00E7EB86 /* AdSupport.framework in Frameworks */ = {isa = PBXBuildFile; fileRef = 863474B21F0CE50F00E7EB86 /* AdSupport.framework */; };
		863474B51F0CE51A00E7EB86 /* AudioToolbox.framework in Frameworks */ = {isa = PBXBuildFile; fileRef = 863474B41F0CE51A00E7EB86 /* AudioToolbox.framework */; };
		863474B71F0CE51E00E7EB86 /* AVFoundation.framework in Frameworks */ = {isa = PBXBuildFile; fileRef = 863474B61F0CE51E00E7EB86 /* AVFoundation.framework */; };
		863474BF1F0CE54900E7EB86 /* CoreGraphics.framework in Frameworks */ = {isa = PBXBuildFile; fileRef = 863474B81F0CE54900E7EB86 /* CoreGraphics.framework */; };
		863474C01F0CE54900E7EB86 /* CoreTelephony.framework in Frameworks */ = {isa = PBXBuildFile; fileRef = 863474B91F0CE54900E7EB86 /* CoreTelephony.framework */; };
		863474C11F0CE54900E7EB86 /* EventKit.framework in Frameworks */ = {isa = PBXBuildFile; fileRef = 863474BA1F0CE54900E7EB86 /* EventKit.framework */; };
		863474C21F0CE54900E7EB86 /* EventKitUI.framework in Frameworks */ = {isa = PBXBuildFile; fileRef = 863474BB1F0CE54900E7EB86 /* EventKitUI.framework */; };
		863474C31F0CE54900E7EB86 /* MessageUI.framework in Frameworks */ = {isa = PBXBuildFile; fileRef = 863474BC1F0CE54900E7EB86 /* MessageUI.framework */; };
		863474C41F0CE54900E7EB86 /* StoreKit.framework in Frameworks */ = {isa = PBXBuildFile; fileRef = 863474BD1F0CE54900E7EB86 /* StoreKit.framework */; };
		863474C51F0CE54900E7EB86 /* SystemConfiguration.framework in Frameworks */ = {isa = PBXBuildFile; fileRef = 863474BE1F0CE54900E7EB86 /* SystemConfiguration.framework */; };
		864362571F66F9E000883792 /* DashboardViewController.swift in Sources */ = {isa = PBXBuildFile; fileRef = 864362561F66F9DF00883792 /* DashboardViewController.swift */; };
		864362591F67ADF100883792 /* MainViewController.swift in Sources */ = {isa = PBXBuildFile; fileRef = 864362581F67ADF100883792 /* MainViewController.swift */; };
		8643625B1F67D7DE00883792 /* GraphViewController.swift in Sources */ = {isa = PBXBuildFile; fileRef = 8643625A1F67D7DE00883792 /* GraphViewController.swift */; };
		864F53281FAC9F0600BC852F /* LeftViewController.swift in Sources */ = {isa = PBXBuildFile; fileRef = 864F53271FAC9F0600BC852F /* LeftViewController.swift */; };
		868F1A781F7A7DF90093402A /* CountrySelectionViewController.swift in Sources */ = {isa = PBXBuildFile; fileRef = 868F1A771F7A7DF90093402A /* CountrySelectionViewController.swift */; };
		868F1A7C1F7D301E0093402A /* Reachability.swift in Sources */ = {isa = PBXBuildFile; fileRef = 86B20F7E1F13B06100B6ADDD /* Reachability.swift */; };
		868F1A7D1F7D301E0093402A /* NewsViewController.swift in Sources */ = {isa = PBXBuildFile; fileRef = 863474721F08262000E7EB86 /* NewsViewController.swift */; };
		868F1A7E1F7D301E0093402A /* MainViewController.swift in Sources */ = {isa = PBXBuildFile; fileRef = 864362581F67ADF100883792 /* MainViewController.swift */; };
		868F1A7F1F7D301E0093402A /* CustomNewsTableViewCell.swift in Sources */ = {isa = PBXBuildFile; fileRef = 86E31CC81F41D2A400445B08 /* CustomNewsTableViewCell.swift */; };
		868F1A801F7D301E0093402A /* NewsData.swift in Sources */ = {isa = PBXBuildFile; fileRef = 86E31CCA1F41D77900445B08 /* NewsData.swift */; };
		868F1A811F7D301E0093402A /* CollectionViewHeader.swift in Sources */ = {isa = PBXBuildFile; fileRef = 863474A61F0BCCCD00E7EB86 /* CollectionViewHeader.swift */; };
		868F1A821F7D301E0093402A /* CountrySelectionViewController.swift in Sources */ = {isa = PBXBuildFile; fileRef = 868F1A771F7A7DF90093402A /* CountrySelectionViewController.swift */; };
		868F1A831F7D301E0093402A /* GraphViewController.swift in Sources */ = {isa = PBXBuildFile; fileRef = 8643625A1F67D7DE00883792 /* GraphViewController.swift */; };
		868F1A841F7D301E0093402A /* MyCollectionViewCell.swift in Sources */ = {isa = PBXBuildFile; fileRef = 863474A01F0BB02800E7EB86 /* MyCollectionViewCell.swift */; };
		868F1A851F7D301E0093402A /* BtcPrices.swift in Sources */ = {isa = PBXBuildFile; fileRef = 8634749E1F082E7000E7EB86 /* BtcPrices.swift */; };
		868F1A861F7D301E0093402A /* DashboardViewController.swift in Sources */ = {isa = PBXBuildFile; fileRef = 864362561F66F9DF00883792 /* DashboardViewController.swift */; };
		868F1A871F7D301E0093402A /* AppDelegate.swift in Sources */ = {isa = PBXBuildFile; fileRef = 863474A21F0BB11E00E7EB86 /* AppDelegate.swift */; };
		868F1A881F7D301E0093402A /* MarketViewController.swift in Sources */ = {isa = PBXBuildFile; fileRef = 863474701F08262000E7EB86 /* MarketViewController.swift */; };
		868F1A8A1F7D301E0093402A /* CoreGraphics.framework in Frameworks */ = {isa = PBXBuildFile; fileRef = 863474B81F0CE54900E7EB86 /* CoreGraphics.framework */; };
		868F1A8C1F7D301E0093402A /* CoreTelephony.framework in Frameworks */ = {isa = PBXBuildFile; fileRef = 863474B91F0CE54900E7EB86 /* CoreTelephony.framework */; };
		868F1A8D1F7D301E0093402A /* EventKit.framework in Frameworks */ = {isa = PBXBuildFile; fileRef = 863474BA1F0CE54900E7EB86 /* EventKit.framework */; };
		868F1A8E1F7D301E0093402A /* EventKitUI.framework in Frameworks */ = {isa = PBXBuildFile; fileRef = 863474BB1F0CE54900E7EB86 /* EventKitUI.framework */; };
		868F1A8F1F7D301E0093402A /* MessageUI.framework in Frameworks */ = {isa = PBXBuildFile; fileRef = 863474BC1F0CE54900E7EB86 /* MessageUI.framework */; };
		868F1A901F7D301E0093402A /* StoreKit.framework in Frameworks */ = {isa = PBXBuildFile; fileRef = 863474BD1F0CE54900E7EB86 /* StoreKit.framework */; };
		868F1A911F7D301E0093402A /* SystemConfiguration.framework in Frameworks */ = {isa = PBXBuildFile; fileRef = 863474BE1F0CE54900E7EB86 /* SystemConfiguration.framework */; };
		868F1A921F7D301E0093402A /* AVFoundation.framework in Frameworks */ = {isa = PBXBuildFile; fileRef = 863474B61F0CE51E00E7EB86 /* AVFoundation.framework */; };
		868F1A931F7D301E0093402A /* AudioToolbox.framework in Frameworks */ = {isa = PBXBuildFile; fileRef = 863474B41F0CE51A00E7EB86 /* AudioToolbox.framework */; };
		868F1A941F7D301E0093402A /* AdSupport.framework in Frameworks */ = {isa = PBXBuildFile; fileRef = 863474B21F0CE50F00E7EB86 /* AdSupport.framework */; };
		868F1A971F7D301E0093402A /* LaunchScreen.storyboard in Resources */ = {isa = PBXBuildFile; fileRef = 863474791F08262000E7EB86 /* LaunchScreen.storyboard */; };
		868F1A981F7D301E0093402A /* Assets.xcassets in Resources */ = {isa = PBXBuildFile; fileRef = 863474771F08262000E7EB86 /* Assets.xcassets */; };
		868F1AA21F7D3AF90093402A /* Main.storyboard in Resources */ = {isa = PBXBuildFile; fileRef = 863474741F08262000E7EB86 /* Main.storyboard */; };
		868F1AA51F7D3EEB0093402A /* MainLite.storyboard in Resources */ = {isa = PBXBuildFile; fileRef = 868F1AA41F7D3EEB0093402A /* MainLite.storyboard */; };
		86AC1F261F9137B70079F013 /* BalloonMarker.swift in Sources */ = {isa = PBXBuildFile; fileRef = 86AC1F251F9137B60079F013 /* BalloonMarker.swift */; };
		86AC1F271F9137B70079F013 /* BalloonMarker.swift in Sources */ = {isa = PBXBuildFile; fileRef = 86AC1F251F9137B60079F013 /* BalloonMarker.swift */; };
		86AC1F291F913DB00079F013 /* GoogleService-Info.plist in Resources */ = {isa = PBXBuildFile; fileRef = 86AC1F281F913DA70079F013 /* GoogleService-Info.plist */; };
		86AC1F2B1F913DC80079F013 /* GoogleService-Info.plist in Resources */ = {isa = PBXBuildFile; fileRef = 86AC1F2A1F913DBE0079F013 /* GoogleService-Info.plist */; };
		86AFB1001FACBCF000AB6DFC /* LeftViewController.swift in Sources */ = {isa = PBXBuildFile; fileRef = 864F53271FAC9F0600BC852F /* LeftViewController.swift */; };
		86B20F7F1F13B06100B6ADDD /* Reachability.swift in Sources */ = {isa = PBXBuildFile; fileRef = 86B20F7E1F13B06100B6ADDD /* Reachability.swift */; };
		86BD6F981F85203700C4B0CA /* MarketTableViewCell.swift in Sources */ = {isa = PBXBuildFile; fileRef = 86BD6F971F85203700C4B0CA /* MarketTableViewCell.swift */; };
		86BD6F991F85203700C4B0CA /* MarketTableViewCell.swift in Sources */ = {isa = PBXBuildFile; fileRef = 86BD6F971F85203700C4B0CA /* MarketTableViewCell.swift */; };
		86BD6F9B1F85236100C4B0CA /* MarketsModel.swift in Sources */ = {isa = PBXBuildFile; fileRef = 86BD6F9A1F85236100C4B0CA /* MarketsModel.swift */; };
		86BD6F9C1F85236100C4B0CA /* MarketsModel.swift in Sources */ = {isa = PBXBuildFile; fileRef = 86BD6F9A1F85236100C4B0CA /* MarketsModel.swift */; };
		86BD6F9E1F87BF5200C4B0CA /* CustomUIButton.swift in Sources */ = {isa = PBXBuildFile; fileRef = 86BD6F9D1F87BF5200C4B0CA /* CustomUIButton.swift */; };
		86BD6F9F1F87BF5200C4B0CA /* CustomUIButton.swift in Sources */ = {isa = PBXBuildFile; fileRef = 86BD6F9D1F87BF5200C4B0CA /* CustomUIButton.swift */; };
		86E31CC91F41D2A400445B08 /* CustomNewsTableViewCell.swift in Sources */ = {isa = PBXBuildFile; fileRef = 86E31CC81F41D2A400445B08 /* CustomNewsTableViewCell.swift */; };
		86E31CCB1F41D77900445B08 /* NewsData.swift in Sources */ = {isa = PBXBuildFile; fileRef = 86E31CCA1F41D77900445B08 /* NewsData.swift */; };
		AF7CED9851FD5955FC0C80B2 /* Pods_BtcUITests.framework in Frameworks */ = {isa = PBXBuildFile; fileRef = EDD6CDB53E71F0A9B9F76713 /* Pods_BtcUITests.framework */; };
		C19708534AD600CCA4EDE5A8 /* Pods_Cryptare_CryptareLite.framework in Frameworks */ = {isa = PBXBuildFile; fileRef = 1945DE35159704AE01952E0D /* Pods_Cryptare_CryptareLite.framework */; };
/* End PBXBuildFile section */

/* Begin PBXContainerItemProxy section */
		863474821F08262000E7EB86 /* PBXContainerItemProxy */ = {
			isa = PBXContainerItemProxy;
			containerPortal = 863474631F08262000E7EB86 /* Project object */;
			proxyType = 1;
			remoteGlobalIDString = 8634746A1F08262000E7EB86;
			remoteInfo = Btc;
		};
		8634748D1F08262000E7EB86 /* PBXContainerItemProxy */ = {
			isa = PBXContainerItemProxy;
			containerPortal = 863474631F08262000E7EB86 /* Project object */;
			proxyType = 1;
			remoteGlobalIDString = 8634746A1F08262000E7EB86;
			remoteInfo = Btc;
		};
/* End PBXContainerItemProxy section */

/* Begin PBXFileReference section */
		0E0AC803835C127A6D059E30 /* Pods-Btc.release.xcconfig */ = {isa = PBXFileReference; includeInIndex = 1; lastKnownFileType = text.xcconfig; name = "Pods-Btc.release.xcconfig"; path = "Pods/Target Support Files/Pods-Btc/Pods-Btc.release.xcconfig"; sourceTree = "<group>"; };
		1945DE35159704AE01952E0D /* Pods_Cryptare_CryptareLite.framework */ = {isa = PBXFileReference; explicitFileType = wrapper.framework; includeInIndex = 0; path = Pods_Cryptare_CryptareLite.framework; sourceTree = BUILT_PRODUCTS_DIR; };
		463EE106F5CD862D7D291E64 /* Pods-Cryptare-CryptareLite.release.xcconfig */ = {isa = PBXFileReference; includeInIndex = 1; lastKnownFileType = text.xcconfig; name = "Pods-Cryptare-CryptareLite.release.xcconfig"; path = "Pods/Target Support Files/Pods-Cryptare-CryptareLite/Pods-Cryptare-CryptareLite.release.xcconfig"; sourceTree = "<group>"; };
		4643726C838D7B730E341055 /* Pods-BtcUITests.debug.xcconfig */ = {isa = PBXFileReference; includeInIndex = 1; lastKnownFileType = text.xcconfig; name = "Pods-BtcUITests.debug.xcconfig"; path = "Pods/Target Support Files/Pods-BtcUITests/Pods-BtcUITests.debug.xcconfig"; sourceTree = "<group>"; };
		54C87E315B99D4F1EB0E7670 /* Pods-Cryptare-CryptareLite.debug.xcconfig */ = {isa = PBXFileReference; includeInIndex = 1; lastKnownFileType = text.xcconfig; name = "Pods-Cryptare-CryptareLite.debug.xcconfig"; path = "Pods/Target Support Files/Pods-Cryptare-CryptareLite/Pods-Cryptare-CryptareLite.debug.xcconfig"; sourceTree = "<group>"; };
		5629BB1E73FD556D76AB4FF6 /* Pods_BtcTests.framework */ = {isa = PBXFileReference; explicitFileType = wrapper.framework; includeInIndex = 0; path = Pods_BtcTests.framework; sourceTree = BUILT_PRODUCTS_DIR; };
		644FCEA4336E786DD955E594 /* Pods_Btc.framework */ = {isa = PBXFileReference; explicitFileType = wrapper.framework; includeInIndex = 0; path = Pods_Btc.framework; sourceTree = BUILT_PRODUCTS_DIR; };
		74798DE924C07F8DEE656B0E /* Pods-Btc.debug.xcconfig */ = {isa = PBXFileReference; includeInIndex = 1; lastKnownFileType = text.xcconfig; name = "Pods-Btc.debug.xcconfig"; path = "Pods/Target Support Files/Pods-Btc/Pods-Btc.debug.xcconfig"; sourceTree = "<group>"; };
		8602BAAD1F83C824003733E8 /* GradientView.swift */ = {isa = PBXFileReference; lastKnownFileType = sourcecode.swift; path = GradientView.swift; sourceTree = "<group>"; };
		8602BAB61F83D217003733E8 /* UIColor+Extensions.swift */ = {isa = PBXFileReference; lastKnownFileType = sourcecode.swift; path = "UIColor+Extensions.swift"; sourceTree = "<group>"; };
		8634746B1F08262000E7EB86 /* Cryptare.app */ = {isa = PBXFileReference; explicitFileType = wrapper.application; includeInIndex = 0; path = Cryptare.app; sourceTree = BUILT_PRODUCTS_DIR; };
		863474701F08262000E7EB86 /* MarketViewController.swift */ = {isa = PBXFileReference; lastKnownFileType = sourcecode.swift; path = MarketViewController.swift; sourceTree = "<group>"; };
		863474721F08262000E7EB86 /* NewsViewController.swift */ = {isa = PBXFileReference; lastKnownFileType = sourcecode.swift; path = NewsViewController.swift; sourceTree = "<group>"; };
		863474751F08262000E7EB86 /* Base */ = {isa = PBXFileReference; lastKnownFileType = file.storyboard; name = Base; path = Base.lproj/Main.storyboard; sourceTree = "<group>"; };
		863474771F08262000E7EB86 /* Assets.xcassets */ = {isa = PBXFileReference; lastKnownFileType = folder.assetcatalog; path = Assets.xcassets; sourceTree = "<group>"; };
		8634747A1F08262000E7EB86 /* Base */ = {isa = PBXFileReference; lastKnownFileType = file.storyboard; name = Base; path = Base.lproj/LaunchScreen.storyboard; sourceTree = "<group>"; };
		8634747C1F08262000E7EB86 /* Info.plist */ = {isa = PBXFileReference; lastKnownFileType = text.plist.xml; path = Info.plist; sourceTree = "<group>"; };
		863474811F08262000E7EB86 /* BtcTests.xctest */ = {isa = PBXFileReference; explicitFileType = wrapper.cfbundle; includeInIndex = 0; path = BtcTests.xctest; sourceTree = BUILT_PRODUCTS_DIR; };
		863474851F08262000E7EB86 /* BtcTests.swift */ = {isa = PBXFileReference; lastKnownFileType = sourcecode.swift; path = BtcTests.swift; sourceTree = "<group>"; };
		863474871F08262000E7EB86 /* Info.plist */ = {isa = PBXFileReference; lastKnownFileType = text.plist.xml; path = Info.plist; sourceTree = "<group>"; };
		8634748C1F08262000E7EB86 /* BtcUITests.xctest */ = {isa = PBXFileReference; explicitFileType = wrapper.cfbundle; includeInIndex = 0; path = BtcUITests.xctest; sourceTree = BUILT_PRODUCTS_DIR; };
		863474901F08262000E7EB86 /* BtcUITests.swift */ = {isa = PBXFileReference; lastKnownFileType = sourcecode.swift; path = BtcUITests.swift; sourceTree = "<group>"; };
		863474921F08262000E7EB86 /* Info.plist */ = {isa = PBXFileReference; lastKnownFileType = text.plist.xml; path = Info.plist; sourceTree = "<group>"; };
		8634749E1F082E7000E7EB86 /* BtcPrices.swift */ = {isa = PBXFileReference; fileEncoding = 4; lastKnownFileType = sourcecode.swift; path = BtcPrices.swift; sourceTree = "<group>"; };
		863474A01F0BB02800E7EB86 /* MyCollectionViewCell.swift */ = {isa = PBXFileReference; fileEncoding = 4; lastKnownFileType = sourcecode.swift; path = MyCollectionViewCell.swift; sourceTree = "<group>"; };
		863474A21F0BB11E00E7EB86 /* AppDelegate.swift */ = {isa = PBXFileReference; fileEncoding = 4; lastKnownFileType = sourcecode.swift; path = AppDelegate.swift; sourceTree = "<group>"; };
		863474A61F0BCCCD00E7EB86 /* CollectionViewHeader.swift */ = {isa = PBXFileReference; fileEncoding = 4; lastKnownFileType = sourcecode.swift; name = CollectionViewHeader.swift; path = ../CollectionViewHeader.swift; sourceTree = "<group>"; };
		863474B21F0CE50F00E7EB86 /* AdSupport.framework */ = {isa = PBXFileReference; lastKnownFileType = wrapper.framework; name = AdSupport.framework; path = System/Library/Frameworks/AdSupport.framework; sourceTree = SDKROOT; };
		863474B41F0CE51A00E7EB86 /* AudioToolbox.framework */ = {isa = PBXFileReference; lastKnownFileType = wrapper.framework; name = AudioToolbox.framework; path = System/Library/Frameworks/AudioToolbox.framework; sourceTree = SDKROOT; };
		863474B61F0CE51E00E7EB86 /* AVFoundation.framework */ = {isa = PBXFileReference; lastKnownFileType = wrapper.framework; name = AVFoundation.framework; path = System/Library/Frameworks/AVFoundation.framework; sourceTree = SDKROOT; };
		863474B81F0CE54900E7EB86 /* CoreGraphics.framework */ = {isa = PBXFileReference; lastKnownFileType = wrapper.framework; name = CoreGraphics.framework; path = System/Library/Frameworks/CoreGraphics.framework; sourceTree = SDKROOT; };
		863474B91F0CE54900E7EB86 /* CoreTelephony.framework */ = {isa = PBXFileReference; lastKnownFileType = wrapper.framework; name = CoreTelephony.framework; path = System/Library/Frameworks/CoreTelephony.framework; sourceTree = SDKROOT; };
		863474BA1F0CE54900E7EB86 /* EventKit.framework */ = {isa = PBXFileReference; lastKnownFileType = wrapper.framework; name = EventKit.framework; path = System/Library/Frameworks/EventKit.framework; sourceTree = SDKROOT; };
		863474BB1F0CE54900E7EB86 /* EventKitUI.framework */ = {isa = PBXFileReference; lastKnownFileType = wrapper.framework; name = EventKitUI.framework; path = System/Library/Frameworks/EventKitUI.framework; sourceTree = SDKROOT; };
		863474BC1F0CE54900E7EB86 /* MessageUI.framework */ = {isa = PBXFileReference; lastKnownFileType = wrapper.framework; name = MessageUI.framework; path = System/Library/Frameworks/MessageUI.framework; sourceTree = SDKROOT; };
		863474BD1F0CE54900E7EB86 /* StoreKit.framework */ = {isa = PBXFileReference; lastKnownFileType = wrapper.framework; name = StoreKit.framework; path = System/Library/Frameworks/StoreKit.framework; sourceTree = SDKROOT; };
		863474BE1F0CE54900E7EB86 /* SystemConfiguration.framework */ = {isa = PBXFileReference; lastKnownFileType = wrapper.framework; name = SystemConfiguration.framework; path = System/Library/Frameworks/SystemConfiguration.framework; sourceTree = SDKROOT; };
		864362561F66F9DF00883792 /* DashboardViewController.swift */ = {isa = PBXFileReference; fileEncoding = 4; lastKnownFileType = sourcecode.swift; path = DashboardViewController.swift; sourceTree = "<group>"; };
		864362581F67ADF100883792 /* MainViewController.swift */ = {isa = PBXFileReference; fileEncoding = 4; lastKnownFileType = sourcecode.swift; path = MainViewController.swift; sourceTree = "<group>"; };
		8643625A1F67D7DE00883792 /* GraphViewController.swift */ = {isa = PBXFileReference; fileEncoding = 4; lastKnownFileType = sourcecode.swift; path = GraphViewController.swift; sourceTree = "<group>"; };
		864F53271FAC9F0600BC852F /* LeftViewController.swift */ = {isa = PBXFileReference; fileEncoding = 4; lastKnownFileType = sourcecode.swift; path = LeftViewController.swift; sourceTree = "<group>"; };
		865B73B91F90F35C00F222C6 /* CryptareLite.entitlements */ = {isa = PBXFileReference; lastKnownFileType = text.plist.entitlements; path = CryptareLite.entitlements; sourceTree = "<group>"; };
		868F1A771F7A7DF90093402A /* CountrySelectionViewController.swift */ = {isa = PBXFileReference; lastKnownFileType = sourcecode.swift; path = CountrySelectionViewController.swift; sourceTree = "<group>"; };
		868F1A9F1F7D301E0093402A /* CryptareLite.app */ = {isa = PBXFileReference; explicitFileType = wrapper.application; includeInIndex = 0; path = CryptareLite.app; sourceTree = BUILT_PRODUCTS_DIR; };
		868F1AA01F7D301E0093402A /* Btc copy-Info.plist */ = {isa = PBXFileReference; lastKnownFileType = text.plist.xml; name = "Btc copy-Info.plist"; path = "/Users/atalw/Documents/dev/ios/Btc/Btc/Btc copy-Info.plist"; sourceTree = "<absolute>"; };
		868F1AA41F7D3EEB0093402A /* MainLite.storyboard */ = {isa = PBXFileReference; lastKnownFileType = file.storyboard; path = MainLite.storyboard; sourceTree = "<group>"; };
		868F1AA61F7D42CA0093402A /* InfoLite.plist */ = {isa = PBXFileReference; lastKnownFileType = text.plist.xml; path = InfoLite.plist; sourceTree = "<group>"; };
		86AC1F251F9137B60079F013 /* BalloonMarker.swift */ = {isa = PBXFileReference; lastKnownFileType = sourcecode.swift; path = BalloonMarker.swift; sourceTree = "<group>"; };
		86AC1F281F913DA70079F013 /* GoogleService-Info.plist */ = {isa = PBXFileReference; lastKnownFileType = text.plist.xml; path = "GoogleService-Info.plist"; sourceTree = "<group>"; };
		86AC1F2A1F913DBE0079F013 /* GoogleService-Info.plist */ = {isa = PBXFileReference; lastKnownFileType = text.plist.xml; path = "GoogleService-Info.plist"; sourceTree = "<group>"; };
		86B20F7E1F13B06100B6ADDD /* Reachability.swift */ = {isa = PBXFileReference; fileEncoding = 4; lastKnownFileType = sourcecode.swift; path = Reachability.swift; sourceTree = "<group>"; };
		86BD6F971F85203700C4B0CA /* MarketTableViewCell.swift */ = {isa = PBXFileReference; lastKnownFileType = sourcecode.swift; path = MarketTableViewCell.swift; sourceTree = "<group>"; };
		86BD6F9A1F85236100C4B0CA /* MarketsModel.swift */ = {isa = PBXFileReference; lastKnownFileType = sourcecode.swift; path = MarketsModel.swift; sourceTree = "<group>"; };
		86BD6F9D1F87BF5200C4B0CA /* CustomUIButton.swift */ = {isa = PBXFileReference; lastKnownFileType = sourcecode.swift; path = CustomUIButton.swift; sourceTree = "<group>"; };
		86E31CC81F41D2A400445B08 /* CustomNewsTableViewCell.swift */ = {isa = PBXFileReference; fileEncoding = 4; lastKnownFileType = sourcecode.swift; path = CustomNewsTableViewCell.swift; sourceTree = "<group>"; };
		86E31CCA1F41D77900445B08 /* NewsData.swift */ = {isa = PBXFileReference; fileEncoding = 4; lastKnownFileType = sourcecode.swift; path = NewsData.swift; sourceTree = "<group>"; };
		86FA4DF71F8A33B80030FD07 /* Cryptare.entitlements */ = {isa = PBXFileReference; lastKnownFileType = text.plist.entitlements; path = Cryptare.entitlements; sourceTree = "<group>"; };
		89C3E03A9A5500274E40B35C /* Pods-BtcTests.debug.xcconfig */ = {isa = PBXFileReference; includeInIndex = 1; lastKnownFileType = text.xcconfig; name = "Pods-BtcTests.debug.xcconfig"; path = "Pods/Target Support Files/Pods-BtcTests/Pods-BtcTests.debug.xcconfig"; sourceTree = "<group>"; };
		93D9E17B6A5E6D4DE3E9D96F /* Pods-BtcUITests.release.xcconfig */ = {isa = PBXFileReference; includeInIndex = 1; lastKnownFileType = text.xcconfig; name = "Pods-BtcUITests.release.xcconfig"; path = "Pods/Target Support Files/Pods-BtcUITests/Pods-BtcUITests.release.xcconfig"; sourceTree = "<group>"; };
		B865ADC4331AD635123F4BA3 /* Pods-BtcTests.release.xcconfig */ = {isa = PBXFileReference; includeInIndex = 1; lastKnownFileType = text.xcconfig; name = "Pods-BtcTests.release.xcconfig"; path = "Pods/Target Support Files/Pods-BtcTests/Pods-BtcTests.release.xcconfig"; sourceTree = "<group>"; };
		D5347ECE0D982E7812EB9F39 /* Pods-Cryptare.release.xcconfig */ = {isa = PBXFileReference; includeInIndex = 1; lastKnownFileType = text.xcconfig; name = "Pods-Cryptare.release.xcconfig"; path = "Pods/Target Support Files/Pods-Cryptare/Pods-Cryptare.release.xcconfig"; sourceTree = "<group>"; };
		D68A21A47030A35D2F326E63 /* Pods-Cryptare.debug.xcconfig */ = {isa = PBXFileReference; includeInIndex = 1; lastKnownFileType = text.xcconfig; name = "Pods-Cryptare.debug.xcconfig"; path = "Pods/Target Support Files/Pods-Cryptare/Pods-Cryptare.debug.xcconfig"; sourceTree = "<group>"; };
		EDD6CDB53E71F0A9B9F76713 /* Pods_BtcUITests.framework */ = {isa = PBXFileReference; explicitFileType = wrapper.framework; includeInIndex = 0; path = Pods_BtcUITests.framework; sourceTree = BUILT_PRODUCTS_DIR; };
		F91BB410863D3FDD24A42599 /* Pods_Cryptare.framework */ = {isa = PBXFileReference; explicitFileType = wrapper.framework; includeInIndex = 0; path = Pods_Cryptare.framework; sourceTree = BUILT_PRODUCTS_DIR; };
/* End PBXFileReference section */

/* Begin PBXFrameworksBuildPhase section */
		863474681F08262000E7EB86 /* Frameworks */ = {
			isa = PBXFrameworksBuildPhase;
			buildActionMask = 2147483647;
			files = (
				863474BF1F0CE54900E7EB86 /* CoreGraphics.framework in Frameworks */,
				863474C01F0CE54900E7EB86 /* CoreTelephony.framework in Frameworks */,
				863474C11F0CE54900E7EB86 /* EventKit.framework in Frameworks */,
				863474C21F0CE54900E7EB86 /* EventKitUI.framework in Frameworks */,
				863474C31F0CE54900E7EB86 /* MessageUI.framework in Frameworks */,
				863474C41F0CE54900E7EB86 /* StoreKit.framework in Frameworks */,
				863474C51F0CE54900E7EB86 /* SystemConfiguration.framework in Frameworks */,
				863474B71F0CE51E00E7EB86 /* AVFoundation.framework in Frameworks */,
				863474B51F0CE51A00E7EB86 /* AudioToolbox.framework in Frameworks */,
				863474B31F0CE50F00E7EB86 /* AdSupport.framework in Frameworks */,
				15DFE81E344F47F5A759C997 /* Pods_Cryptare.framework in Frameworks */,
			);
			runOnlyForDeploymentPostprocessing = 0;
		};
		8634747E1F08262000E7EB86 /* Frameworks */ = {
			isa = PBXFrameworksBuildPhase;
			buildActionMask = 2147483647;
			files = (
				7A7C244BA027D9F18FDBA49F /* Pods_BtcTests.framework in Frameworks */,
			);
			runOnlyForDeploymentPostprocessing = 0;
		};
		863474891F08262000E7EB86 /* Frameworks */ = {
			isa = PBXFrameworksBuildPhase;
			buildActionMask = 2147483647;
			files = (
				AF7CED9851FD5955FC0C80B2 /* Pods_BtcUITests.framework in Frameworks */,
			);
			runOnlyForDeploymentPostprocessing = 0;
		};
		868F1A891F7D301E0093402A /* Frameworks */ = {
			isa = PBXFrameworksBuildPhase;
			buildActionMask = 2147483647;
			files = (
				868F1A8A1F7D301E0093402A /* CoreGraphics.framework in Frameworks */,
				868F1A8C1F7D301E0093402A /* CoreTelephony.framework in Frameworks */,
				868F1A8D1F7D301E0093402A /* EventKit.framework in Frameworks */,
				868F1A8E1F7D301E0093402A /* EventKitUI.framework in Frameworks */,
				868F1A8F1F7D301E0093402A /* MessageUI.framework in Frameworks */,
				868F1A901F7D301E0093402A /* StoreKit.framework in Frameworks */,
				868F1A911F7D301E0093402A /* SystemConfiguration.framework in Frameworks */,
				868F1A921F7D301E0093402A /* AVFoundation.framework in Frameworks */,
				868F1A931F7D301E0093402A /* AudioToolbox.framework in Frameworks */,
				868F1A941F7D301E0093402A /* AdSupport.framework in Frameworks */,
				C19708534AD600CCA4EDE5A8 /* Pods_Cryptare_CryptareLite.framework in Frameworks */,
			);
			runOnlyForDeploymentPostprocessing = 0;
		};
/* End PBXFrameworksBuildPhase section */

/* Begin PBXGroup section */
		60581993A32294FA37D7B5F4 /* Pods */ = {
			isa = PBXGroup;
			children = (
				868F1AA01F7D301E0093402A /* Btc copy-Info.plist */,
				89C3E03A9A5500274E40B35C /* Pods-BtcTests.debug.xcconfig */,
				B865ADC4331AD635123F4BA3 /* Pods-BtcTests.release.xcconfig */,
				4643726C838D7B730E341055 /* Pods-BtcUITests.debug.xcconfig */,
				93D9E17B6A5E6D4DE3E9D96F /* Pods-BtcUITests.release.xcconfig */,
				74798DE924C07F8DEE656B0E /* Pods-Btc.debug.xcconfig */,
				0E0AC803835C127A6D059E30 /* Pods-Btc.release.xcconfig */,
				D68A21A47030A35D2F326E63 /* Pods-Cryptare.debug.xcconfig */,
				D5347ECE0D982E7812EB9F39 /* Pods-Cryptare.release.xcconfig */,
				54C87E315B99D4F1EB0E7670 /* Pods-Cryptare-CryptareLite.debug.xcconfig */,
				463EE106F5CD862D7D291E64 /* Pods-Cryptare-CryptareLite.release.xcconfig */,
			);
			name = Pods;
			sourceTree = "<group>";
		};
		863474621F08262000E7EB86 = {
			isa = PBXGroup;
			children = (
				865B73B91F90F35C00F222C6 /* CryptareLite.entitlements */,
				86FA4DF71F8A33B80030FD07 /* Cryptare.entitlements */,
				868F1AA61F7D42CA0093402A /* InfoLite.plist */,
				86AC1F281F913DA70079F013 /* GoogleService-Info.plist */,
				8634746D1F08262000E7EB86 /* Btc */,
				863474841F08262000E7EB86 /* BtcTests */,
				8634748F1F08262000E7EB86 /* BtcUITests */,
				8634746C1F08262000E7EB86 /* Products */,
				863474A81F0CDD6C00E7EB86 /* Frameworks */,
				60581993A32294FA37D7B5F4 /* Pods */,
			);
			sourceTree = "<group>";
		};
		8634746C1F08262000E7EB86 /* Products */ = {
			isa = PBXGroup;
			children = (
				8634746B1F08262000E7EB86 /* Cryptare.app */,
				863474811F08262000E7EB86 /* BtcTests.xctest */,
				8634748C1F08262000E7EB86 /* BtcUITests.xctest */,
				868F1A9F1F7D301E0093402A /* CryptareLite.app */,
			);
			name = Products;
			sourceTree = "<group>";
		};
		8634746D1F08262000E7EB86 /* Btc */ = {
			isa = PBXGroup;
			children = (
				864F53271FAC9F0600BC852F /* LeftViewController.swift */,
				868F1A771F7A7DF90093402A /* CountrySelectionViewController.swift */,
				864362581F67ADF100883792 /* MainViewController.swift */,
				863474741F08262000E7EB86 /* Main.storyboard */,
				868F1AA41F7D3EEB0093402A /* MainLite.storyboard */,
				864362601F6805BD00883792 /* Dashboard */,
				864362611F6805CA00883792 /* Graph */,
				8643625C1F6803B400883792 /* Market */,
				8643625D1F6803CF00883792 /* News */,
				8643625E1F68044500883792 /* Helper Files */,
			);
			path = Btc;
			sourceTree = "<group>";
		};
		863474841F08262000E7EB86 /* BtcTests */ = {
			isa = PBXGroup;
			children = (
				863474851F08262000E7EB86 /* BtcTests.swift */,
				863474871F08262000E7EB86 /* Info.plist */,
			);
			path = BtcTests;
			sourceTree = "<group>";
		};
		8634748F1F08262000E7EB86 /* BtcUITests */ = {
			isa = PBXGroup;
			children = (
				863474901F08262000E7EB86 /* BtcUITests.swift */,
				863474921F08262000E7EB86 /* Info.plist */,
			);
			path = BtcUITests;
			sourceTree = "<group>";
		};
		863474A81F0CDD6C00E7EB86 /* Frameworks */ = {
			isa = PBXGroup;
			children = (
				863474B81F0CE54900E7EB86 /* CoreGraphics.framework */,
				863474B91F0CE54900E7EB86 /* CoreTelephony.framework */,
				863474BA1F0CE54900E7EB86 /* EventKit.framework */,
				863474BB1F0CE54900E7EB86 /* EventKitUI.framework */,
				863474BC1F0CE54900E7EB86 /* MessageUI.framework */,
				863474BD1F0CE54900E7EB86 /* StoreKit.framework */,
				863474BE1F0CE54900E7EB86 /* SystemConfiguration.framework */,
				863474B61F0CE51E00E7EB86 /* AVFoundation.framework */,
				863474B41F0CE51A00E7EB86 /* AudioToolbox.framework */,
				863474B21F0CE50F00E7EB86 /* AdSupport.framework */,
				644FCEA4336E786DD955E594 /* Pods_Btc.framework */,
				5629BB1E73FD556D76AB4FF6 /* Pods_BtcTests.framework */,
				EDD6CDB53E71F0A9B9F76713 /* Pods_BtcUITests.framework */,
				F91BB410863D3FDD24A42599 /* Pods_Cryptare.framework */,
				1945DE35159704AE01952E0D /* Pods_Cryptare_CryptareLite.framework */,
			);
			name = Frameworks;
			sourceTree = "<group>";
		};
		8643625C1F6803B400883792 /* Market */ = {
			isa = PBXGroup;
			children = (
				863474701F08262000E7EB86 /* MarketViewController.swift */,
				863474A61F0BCCCD00E7EB86 /* CollectionViewHeader.swift */,
				863474A01F0BB02800E7EB86 /* MyCollectionViewCell.swift */,
				8634749E1F082E7000E7EB86 /* BtcPrices.swift */,
				86BD6F971F85203700C4B0CA /* MarketTableViewCell.swift */,
				86BD6F9A1F85236100C4B0CA /* MarketsModel.swift */,
				86BD6F9D1F87BF5200C4B0CA /* CustomUIButton.swift */,
			);
			name = Market;
			sourceTree = "<group>";
		};
		8643625D1F6803CF00883792 /* News */ = {
			isa = PBXGroup;
			children = (
				863474721F08262000E7EB86 /* NewsViewController.swift */,
				86E31CCA1F41D77900445B08 /* NewsData.swift */,
				86E31CC81F41D2A400445B08 /* CustomNewsTableViewCell.swift */,
			);
			name = News;
			sourceTree = "<group>";
		};
		8643625E1F68044500883792 /* Helper Files */ = {
			isa = PBXGroup;
			children = (
				86AC1F2A1F913DBE0079F013 /* GoogleService-Info.plist */,
				86B20F7E1F13B06100B6ADDD /* Reachability.swift */,
				863474A21F0BB11E00E7EB86 /* AppDelegate.swift */,
				863474771F08262000E7EB86 /* Assets.xcassets */,
				863474791F08262000E7EB86 /* LaunchScreen.storyboard */,
				8634747C1F08262000E7EB86 /* Info.plist */,
				8602BAAD1F83C824003733E8 /* GradientView.swift */,
				8602BAB61F83D217003733E8 /* UIColor+Extensions.swift */,
			);
			name = "Helper Files";
			sourceTree = "<group>";
		};
		864362601F6805BD00883792 /* Dashboard */ = {
			isa = PBXGroup;
			children = (
				864362561F66F9DF00883792 /* DashboardViewController.swift */,
			);
			name = Dashboard;
			sourceTree = "<group>";
		};
		864362611F6805CA00883792 /* Graph */ = {
			isa = PBXGroup;
			children = (
				8643625A1F67D7DE00883792 /* GraphViewController.swift */,
				86AC1F251F9137B60079F013 /* BalloonMarker.swift */,
			);
			name = Graph;
			sourceTree = "<group>";
		};
/* End PBXGroup section */

/* Begin PBXNativeTarget section */
		8634746A1F08262000E7EB86 /* Cryptare */ = {
			isa = PBXNativeTarget;
			buildConfigurationList = 863474951F08262000E7EB86 /* Build configuration list for PBXNativeTarget "Cryptare" */;
			buildPhases = (
				568B2CFD8158D03DFDBF769E /* [CP] Check Pods Manifest.lock */,
				863474671F08262000E7EB86 /* Sources */,
				863474681F08262000E7EB86 /* Frameworks */,
				863474691F08262000E7EB86 /* Resources */,
				A8B0F0DA981FE1745DC0EE44 /* [CP] Embed Pods Frameworks */,
				0458756D71F7C99ADCC65788 /* [CP] Copy Pods Resources */,
			);
			buildRules = (
			);
			dependencies = (
			);
			name = Cryptare;
			productName = Btc;
			productReference = 8634746B1F08262000E7EB86 /* Cryptare.app */;
			productType = "com.apple.product-type.application";
		};
		863474801F08262000E7EB86 /* BtcTests */ = {
			isa = PBXNativeTarget;
			buildConfigurationList = 863474981F08262000E7EB86 /* Build configuration list for PBXNativeTarget "BtcTests" */;
			buildPhases = (
				7BE799BB2116175F67C199B5 /* [CP] Check Pods Manifest.lock */,
				8634747D1F08262000E7EB86 /* Sources */,
				8634747E1F08262000E7EB86 /* Frameworks */,
				8634747F1F08262000E7EB86 /* Resources */,
				CFE71ADDFB46B5EE79C53C97 /* [CP] Embed Pods Frameworks */,
				F49F2209E711887BA97F92FA /* [CP] Copy Pods Resources */,
			);
			buildRules = (
			);
			dependencies = (
				863474831F08262000E7EB86 /* PBXTargetDependency */,
			);
			name = BtcTests;
			productName = BtcTests;
			productReference = 863474811F08262000E7EB86 /* BtcTests.xctest */;
			productType = "com.apple.product-type.bundle.unit-test";
		};
		8634748B1F08262000E7EB86 /* BtcUITests */ = {
			isa = PBXNativeTarget;
			buildConfigurationList = 8634749B1F08262000E7EB86 /* Build configuration list for PBXNativeTarget "BtcUITests" */;
			buildPhases = (
				2E21ACBBA98B85C70D394900 /* [CP] Check Pods Manifest.lock */,
				863474881F08262000E7EB86 /* Sources */,
				863474891F08262000E7EB86 /* Frameworks */,
				8634748A1F08262000E7EB86 /* Resources */,
				66191C1AF17EB3F9C1A2E88D /* [CP] Embed Pods Frameworks */,
				72F3BD688A4A5BB18E00729B /* [CP] Copy Pods Resources */,
			);
			buildRules = (
			);
			dependencies = (
				8634748E1F08262000E7EB86 /* PBXTargetDependency */,
			);
			name = BtcUITests;
			productName = BtcUITests;
			productReference = 8634748C1F08262000E7EB86 /* BtcUITests.xctest */;
			productType = "com.apple.product-type.bundle.ui-testing";
		};
		868F1A791F7D301E0093402A /* CryptareLite */ = {
			isa = PBXNativeTarget;
			buildConfigurationList = 868F1A9C1F7D301E0093402A /* Build configuration list for PBXNativeTarget "CryptareLite" */;
			buildPhases = (
				66591833C03C2A69ABE261E3 /* [CP] Check Pods Manifest.lock */,
				868F1A7B1F7D301E0093402A /* Sources */,
				868F1A891F7D301E0093402A /* Frameworks */,
				868F1A961F7D301E0093402A /* Resources */,
				8631593F4F6CA668B9F55225 /* [CP] Embed Pods Frameworks */,
				BEADF5F75B86C018BF1A32DD /* [CP] Copy Pods Resources */,
			);
			buildRules = (
			);
			dependencies = (
			);
			name = CryptareLite;
			productName = Btc;
			productReference = 868F1A9F1F7D301E0093402A /* CryptareLite.app */;
			productType = "com.apple.product-type.application";
		};
/* End PBXNativeTarget section */

/* Begin PBXProject section */
		863474631F08262000E7EB86 /* Project object */ = {
			isa = PBXProject;
			attributes = {
				LastSwiftUpdateCheck = 0830;
				LastUpgradeCheck = 0910;
				ORGANIZATIONNAME = atalw;
				TargetAttributes = {
					8634746A1F08262000E7EB86 = {
						CreatedOnToolsVersion = 8.3.3;
						DevelopmentTeam = J724CNLQL9;
						ProvisioningStyle = Automatic;
						SystemCapabilities = {
							com.apple.Push = {
								enabled = 1;
							};
						};
					};
					863474801F08262000E7EB86 = {
						CreatedOnToolsVersion = 8.3.3;
						LastSwiftMigration = 0900;
						ProvisioningStyle = Automatic;
						TestTargetID = 8634746A1F08262000E7EB86;
					};
					8634748B1F08262000E7EB86 = {
						CreatedOnToolsVersion = 8.3.3;
						LastSwiftMigration = 0900;
						ProvisioningStyle = Automatic;
						TestTargetID = 8634746A1F08262000E7EB86;
					};
					868F1A791F7D301E0093402A = {
						DevelopmentTeam = J724CNLQL9;
						SystemCapabilities = {
							com.apple.Push = {
								enabled = 1;
							};
						};
					};
				};
			};
			buildConfigurationList = 863474661F08262000E7EB86 /* Build configuration list for PBXProject "Btc" */;
			compatibilityVersion = "Xcode 3.2";
			developmentRegion = English;
			hasScannedForEncodings = 0;
			knownRegions = (
				en,
				Base,
			);
			mainGroup = 863474621F08262000E7EB86;
			productRefGroup = 8634746C1F08262000E7EB86 /* Products */;
			projectDirPath = "";
			projectRoot = "";
			targets = (
				8634746A1F08262000E7EB86 /* Cryptare */,
				863474801F08262000E7EB86 /* BtcTests */,
				8634748B1F08262000E7EB86 /* BtcUITests */,
				868F1A791F7D301E0093402A /* CryptareLite */,
			);
		};
/* End PBXProject section */

/* Begin PBXResourcesBuildPhase section */
		863474691F08262000E7EB86 /* Resources */ = {
			isa = PBXResourcesBuildPhase;
			buildActionMask = 2147483647;
			files = (
				868F1AA21F7D3AF90093402A /* Main.storyboard in Resources */,
				86AC1F291F913DB00079F013 /* GoogleService-Info.plist in Resources */,
				8634747B1F08262000E7EB86 /* LaunchScreen.storyboard in Resources */,
				863474781F08262000E7EB86 /* Assets.xcassets in Resources */,
			);
			runOnlyForDeploymentPostprocessing = 0;
		};
		8634747F1F08262000E7EB86 /* Resources */ = {
			isa = PBXResourcesBuildPhase;
			buildActionMask = 2147483647;
			files = (
			);
			runOnlyForDeploymentPostprocessing = 0;
		};
		8634748A1F08262000E7EB86 /* Resources */ = {
			isa = PBXResourcesBuildPhase;
			buildActionMask = 2147483647;
			files = (
			);
			runOnlyForDeploymentPostprocessing = 0;
		};
		868F1A961F7D301E0093402A /* Resources */ = {
			isa = PBXResourcesBuildPhase;
			buildActionMask = 2147483647;
			files = (
				868F1AA51F7D3EEB0093402A /* MainLite.storyboard in Resources */,
				86AC1F2B1F913DC80079F013 /* GoogleService-Info.plist in Resources */,
				868F1A971F7D301E0093402A /* LaunchScreen.storyboard in Resources */,
				868F1A981F7D301E0093402A /* Assets.xcassets in Resources */,
			);
			runOnlyForDeploymentPostprocessing = 0;
		};
/* End PBXResourcesBuildPhase section */

/* Begin PBXShellScriptBuildPhase section */
		0458756D71F7C99ADCC65788 /* [CP] Copy Pods Resources */ = {
			isa = PBXShellScriptBuildPhase;
			buildActionMask = 2147483647;
			files = (
			);
			inputPaths = (
			);
			name = "[CP] Copy Pods Resources";
			outputPaths = (
			);
			runOnlyForDeploymentPostprocessing = 0;
			shellPath = /bin/sh;
			shellScript = "\"${SRCROOT}/Pods/Target Support Files/Pods-Cryptare/Pods-Cryptare-resources.sh\"\n";
			showEnvVarsInLog = 0;
		};
		2E21ACBBA98B85C70D394900 /* [CP] Check Pods Manifest.lock */ = {
			isa = PBXShellScriptBuildPhase;
			buildActionMask = 2147483647;
			files = (
			);
			inputPaths = (
				"${PODS_PODFILE_DIR_PATH}/Podfile.lock",
				"${PODS_ROOT}/Manifest.lock",
			);
			name = "[CP] Check Pods Manifest.lock";
			outputPaths = (
				"$(DERIVED_FILE_DIR)/Pods-BtcUITests-checkManifestLockResult.txt",
			);
			runOnlyForDeploymentPostprocessing = 0;
			shellPath = /bin/sh;
			shellScript = "diff \"${PODS_PODFILE_DIR_PATH}/Podfile.lock\" \"${PODS_ROOT}/Manifest.lock\" > /dev/null\nif [ $? != 0 ] ; then\n    # print error to STDERR\n    echo \"error: The sandbox is not in sync with the Podfile.lock. Run 'pod install' or update your CocoaPods installation.\" >&2\n    exit 1\nfi\n# This output is used by Xcode 'outputs' to avoid re-running this script phase.\necho \"SUCCESS\" > \"${SCRIPT_OUTPUT_FILE_0}\"\n";
			showEnvVarsInLog = 0;
		};
		568B2CFD8158D03DFDBF769E /* [CP] Check Pods Manifest.lock */ = {
			isa = PBXShellScriptBuildPhase;
			buildActionMask = 2147483647;
			files = (
			);
			inputPaths = (
				"${PODS_PODFILE_DIR_PATH}/Podfile.lock",
				"${PODS_ROOT}/Manifest.lock",
			);
			name = "[CP] Check Pods Manifest.lock";
			outputPaths = (
				"$(DERIVED_FILE_DIR)/Pods-Cryptare-checkManifestLockResult.txt",
			);
			runOnlyForDeploymentPostprocessing = 0;
			shellPath = /bin/sh;
			shellScript = "diff \"${PODS_PODFILE_DIR_PATH}/Podfile.lock\" \"${PODS_ROOT}/Manifest.lock\" > /dev/null\nif [ $? != 0 ] ; then\n    # print error to STDERR\n    echo \"error: The sandbox is not in sync with the Podfile.lock. Run 'pod install' or update your CocoaPods installation.\" >&2\n    exit 1\nfi\n# This output is used by Xcode 'outputs' to avoid re-running this script phase.\necho \"SUCCESS\" > \"${SCRIPT_OUTPUT_FILE_0}\"\n";
			showEnvVarsInLog = 0;
		};
		66191C1AF17EB3F9C1A2E88D /* [CP] Embed Pods Frameworks */ = {
			isa = PBXShellScriptBuildPhase;
			buildActionMask = 2147483647;
			files = (
			);
			inputPaths = (
			);
			name = "[CP] Embed Pods Frameworks";
			outputPaths = (
			);
			runOnlyForDeploymentPostprocessing = 0;
			shellPath = /bin/sh;
			shellScript = "\"${SRCROOT}/Pods/Target Support Files/Pods-BtcUITests/Pods-BtcUITests-frameworks.sh\"\n";
			showEnvVarsInLog = 0;
		};
		66591833C03C2A69ABE261E3 /* [CP] Check Pods Manifest.lock */ = {
			isa = PBXShellScriptBuildPhase;
			buildActionMask = 2147483647;
			files = (
			);
			inputPaths = (
				"${PODS_PODFILE_DIR_PATH}/Podfile.lock",
				"${PODS_ROOT}/Manifest.lock",
			);
			name = "[CP] Check Pods Manifest.lock";
			outputPaths = (
				"$(DERIVED_FILE_DIR)/Pods-Cryptare-CryptareLite-checkManifestLockResult.txt",
			);
			runOnlyForDeploymentPostprocessing = 0;
			shellPath = /bin/sh;
			shellScript = "diff \"${PODS_PODFILE_DIR_PATH}/Podfile.lock\" \"${PODS_ROOT}/Manifest.lock\" > /dev/null\nif [ $? != 0 ] ; then\n    # print error to STDERR\n    echo \"error: The sandbox is not in sync with the Podfile.lock. Run 'pod install' or update your CocoaPods installation.\" >&2\n    exit 1\nfi\n# This output is used by Xcode 'outputs' to avoid re-running this script phase.\necho \"SUCCESS\" > \"${SCRIPT_OUTPUT_FILE_0}\"\n";
			showEnvVarsInLog = 0;
		};
		72F3BD688A4A5BB18E00729B /* [CP] Copy Pods Resources */ = {
			isa = PBXShellScriptBuildPhase;
			buildActionMask = 2147483647;
			files = (
			);
			inputPaths = (
			);
			name = "[CP] Copy Pods Resources";
			outputPaths = (
			);
			runOnlyForDeploymentPostprocessing = 0;
			shellPath = /bin/sh;
			shellScript = "\"${SRCROOT}/Pods/Target Support Files/Pods-BtcUITests/Pods-BtcUITests-resources.sh\"\n";
			showEnvVarsInLog = 0;
		};
		7BE799BB2116175F67C199B5 /* [CP] Check Pods Manifest.lock */ = {
			isa = PBXShellScriptBuildPhase;
			buildActionMask = 2147483647;
			files = (
			);
			inputPaths = (
				"${PODS_PODFILE_DIR_PATH}/Podfile.lock",
				"${PODS_ROOT}/Manifest.lock",
			);
			name = "[CP] Check Pods Manifest.lock";
			outputPaths = (
				"$(DERIVED_FILE_DIR)/Pods-BtcTests-checkManifestLockResult.txt",
			);
			runOnlyForDeploymentPostprocessing = 0;
			shellPath = /bin/sh;
			shellScript = "diff \"${PODS_PODFILE_DIR_PATH}/Podfile.lock\" \"${PODS_ROOT}/Manifest.lock\" > /dev/null\nif [ $? != 0 ] ; then\n    # print error to STDERR\n    echo \"error: The sandbox is not in sync with the Podfile.lock. Run 'pod install' or update your CocoaPods installation.\" >&2\n    exit 1\nfi\n# This output is used by Xcode 'outputs' to avoid re-running this script phase.\necho \"SUCCESS\" > \"${SCRIPT_OUTPUT_FILE_0}\"\n";
			showEnvVarsInLog = 0;
		};
		8631593F4F6CA668B9F55225 /* [CP] Embed Pods Frameworks */ = {
			isa = PBXShellScriptBuildPhase;
			buildActionMask = 2147483647;
			files = (
			);
			inputPaths = (
				"${SRCROOT}/Pods/Target Support Files/Pods-Cryptare-CryptareLite/Pods-Cryptare-CryptareLite-frameworks.sh",
				"${BUILT_PRODUCTS_DIR}/Alamofire/Alamofire.framework",
				"${BUILT_PRODUCTS_DIR}/AlamofireRSSParser/AlamofireRSSParser.framework",
				"${BUILT_PRODUCTS_DIR}/Charts/Charts.framework",
				"${BUILT_PRODUCTS_DIR}/GoogleToolboxForMac/GoogleToolboxForMac.framework",
				"${BUILT_PRODUCTS_DIR}/Hero/Hero.framework",
				"${BUILT_PRODUCTS_DIR}/Protobuf/Protobuf.framework",
				"${BUILT_PRODUCTS_DIR}/SlideMenuControllerSwift/SlideMenuControllerSwift.framework",
				"${BUILT_PRODUCTS_DIR}/SwiftyJSON/SwiftyJSON.framework",
				"${BUILT_PRODUCTS_DIR}/leveldb-library/leveldb.framework",
				"${BUILT_PRODUCTS_DIR}/nanopb/nanopb.framework",
			);
			name = "[CP] Embed Pods Frameworks";
			outputPaths = (
				"${TARGET_BUILD_DIR}/${FRAMEWORKS_FOLDER_PATH}/Alamofire.framework",
				"${TARGET_BUILD_DIR}/${FRAMEWORKS_FOLDER_PATH}/AlamofireRSSParser.framework",
				"${TARGET_BUILD_DIR}/${FRAMEWORKS_FOLDER_PATH}/Charts.framework",
				"${TARGET_BUILD_DIR}/${FRAMEWORKS_FOLDER_PATH}/GoogleToolboxForMac.framework",
				"${TARGET_BUILD_DIR}/${FRAMEWORKS_FOLDER_PATH}/Hero.framework",
				"${TARGET_BUILD_DIR}/${FRAMEWORKS_FOLDER_PATH}/Protobuf.framework",
				"${TARGET_BUILD_DIR}/${FRAMEWORKS_FOLDER_PATH}/SlideMenuControllerSwift.framework",
				"${TARGET_BUILD_DIR}/${FRAMEWORKS_FOLDER_PATH}/SwiftyJSON.framework",
				"${TARGET_BUILD_DIR}/${FRAMEWORKS_FOLDER_PATH}/leveldb.framework",
				"${TARGET_BUILD_DIR}/${FRAMEWORKS_FOLDER_PATH}/nanopb.framework",
			);
			runOnlyForDeploymentPostprocessing = 0;
			shellPath = /bin/sh;
			shellScript = "\"${SRCROOT}/Pods/Target Support Files/Pods-Cryptare-CryptareLite/Pods-Cryptare-CryptareLite-frameworks.sh\"\n";
			showEnvVarsInLog = 0;
		};
		A8B0F0DA981FE1745DC0EE44 /* [CP] Embed Pods Frameworks */ = {
			isa = PBXShellScriptBuildPhase;
			buildActionMask = 2147483647;
			files = (
			);
			inputPaths = (
				"${SRCROOT}/Pods/Target Support Files/Pods-Cryptare/Pods-Cryptare-frameworks.sh",
				"${BUILT_PRODUCTS_DIR}/Alamofire/Alamofire.framework",
				"${BUILT_PRODUCTS_DIR}/AlamofireRSSParser/AlamofireRSSParser.framework",
				"${BUILT_PRODUCTS_DIR}/Charts/Charts.framework",
				"${BUILT_PRODUCTS_DIR}/GoogleToolboxForMac/GoogleToolboxForMac.framework",
				"${BUILT_PRODUCTS_DIR}/Hero/Hero.framework",
				"${BUILT_PRODUCTS_DIR}/Protobuf/Protobuf.framework",
				"${BUILT_PRODUCTS_DIR}/SlideMenuControllerSwift/SlideMenuControllerSwift.framework",
				"${BUILT_PRODUCTS_DIR}/SwiftyJSON/SwiftyJSON.framework",
				"${BUILT_PRODUCTS_DIR}/leveldb-library/leveldb.framework",
				"${BUILT_PRODUCTS_DIR}/nanopb/nanopb.framework",
			);
			name = "[CP] Embed Pods Frameworks";
			outputPaths = (
				"${TARGET_BUILD_DIR}/${FRAMEWORKS_FOLDER_PATH}/Alamofire.framework",
				"${TARGET_BUILD_DIR}/${FRAMEWORKS_FOLDER_PATH}/AlamofireRSSParser.framework",
				"${TARGET_BUILD_DIR}/${FRAMEWORKS_FOLDER_PATH}/Charts.framework",
				"${TARGET_BUILD_DIR}/${FRAMEWORKS_FOLDER_PATH}/GoogleToolboxForMac.framework",
				"${TARGET_BUILD_DIR}/${FRAMEWORKS_FOLDER_PATH}/Hero.framework",
				"${TARGET_BUILD_DIR}/${FRAMEWORKS_FOLDER_PATH}/Protobuf.framework",
				"${TARGET_BUILD_DIR}/${FRAMEWORKS_FOLDER_PATH}/SlideMenuControllerSwift.framework",
				"${TARGET_BUILD_DIR}/${FRAMEWORKS_FOLDER_PATH}/SwiftyJSON.framework",
				"${TARGET_BUILD_DIR}/${FRAMEWORKS_FOLDER_PATH}/leveldb.framework",
				"${TARGET_BUILD_DIR}/${FRAMEWORKS_FOLDER_PATH}/nanopb.framework",
			);
			runOnlyForDeploymentPostprocessing = 0;
			shellPath = /bin/sh;
			shellScript = "\"${SRCROOT}/Pods/Target Support Files/Pods-Cryptare/Pods-Cryptare-frameworks.sh\"\n";
			showEnvVarsInLog = 0;
		};
		BEADF5F75B86C018BF1A32DD /* [CP] Copy Pods Resources */ = {
			isa = PBXShellScriptBuildPhase;
			buildActionMask = 2147483647;
			files = (
			);
			inputPaths = (
			);
			name = "[CP] Copy Pods Resources";
			outputPaths = (
			);
			runOnlyForDeploymentPostprocessing = 0;
			shellPath = /bin/sh;
			shellScript = "\"${SRCROOT}/Pods/Target Support Files/Pods-Cryptare-CryptareLite/Pods-Cryptare-CryptareLite-resources.sh\"\n";
			showEnvVarsInLog = 0;
		};
		CFE71ADDFB46B5EE79C53C97 /* [CP] Embed Pods Frameworks */ = {
			isa = PBXShellScriptBuildPhase;
			buildActionMask = 2147483647;
			files = (
			);
			inputPaths = (
			);
			name = "[CP] Embed Pods Frameworks";
			outputPaths = (
			);
			runOnlyForDeploymentPostprocessing = 0;
			shellPath = /bin/sh;
			shellScript = "\"${SRCROOT}/Pods/Target Support Files/Pods-BtcTests/Pods-BtcTests-frameworks.sh\"\n";
			showEnvVarsInLog = 0;
		};
		F49F2209E711887BA97F92FA /* [CP] Copy Pods Resources */ = {
			isa = PBXShellScriptBuildPhase;
			buildActionMask = 2147483647;
			files = (
			);
			inputPaths = (
			);
			name = "[CP] Copy Pods Resources";
			outputPaths = (
			);
			runOnlyForDeploymentPostprocessing = 0;
			shellPath = /bin/sh;
			shellScript = "\"${SRCROOT}/Pods/Target Support Files/Pods-BtcTests/Pods-BtcTests-resources.sh\"\n";
			showEnvVarsInLog = 0;
		};
/* End PBXShellScriptBuildPhase section */

/* Begin PBXSourcesBuildPhase section */
		863474671F08262000E7EB86 /* Sources */ = {
			isa = PBXSourcesBuildPhase;
			buildActionMask = 2147483647;
			files = (
				86B20F7F1F13B06100B6ADDD /* Reachability.swift in Sources */,
				863474731F08262000E7EB86 /* NewsViewController.swift in Sources */,
				86BD6F9E1F87BF5200C4B0CA /* CustomUIButton.swift in Sources */,
				8602BAAE1F83C824003733E8 /* GradientView.swift in Sources */,
				864362591F67ADF100883792 /* MainViewController.swift in Sources */,
				86E31CC91F41D2A400445B08 /* CustomNewsTableViewCell.swift in Sources */,
				86E31CCB1F41D77900445B08 /* NewsData.swift in Sources */,
				863474A71F0BCCCD00E7EB86 /* CollectionViewHeader.swift in Sources */,
				86AC1F261F9137B70079F013 /* BalloonMarker.swift in Sources */,
				868F1A781F7A7DF90093402A /* CountrySelectionViewController.swift in Sources */,
				8643625B1F67D7DE00883792 /* GraphViewController.swift in Sources */,
				863474A11F0BB02800E7EB86 /* MyCollectionViewCell.swift in Sources */,
				86BD6F9B1F85236100C4B0CA /* MarketsModel.swift in Sources */,
				864F53281FAC9F0600BC852F /* LeftViewController.swift in Sources */,
				8602BAB71F83D217003733E8 /* UIColor+Extensions.swift in Sources */,
				86BD6F981F85203700C4B0CA /* MarketTableViewCell.swift in Sources */,
				8634749F1F082E7000E7EB86 /* BtcPrices.swift in Sources */,
				864362571F66F9E000883792 /* DashboardViewController.swift in Sources */,
				863474A31F0BB11E00E7EB86 /* AppDelegate.swift in Sources */,
				863474711F08262000E7EB86 /* MarketViewController.swift in Sources */,
			);
			runOnlyForDeploymentPostprocessing = 0;
		};
		8634747D1F08262000E7EB86 /* Sources */ = {
			isa = PBXSourcesBuildPhase;
			buildActionMask = 2147483647;
			files = (
				863474861F08262000E7EB86 /* BtcTests.swift in Sources */,
			);
			runOnlyForDeploymentPostprocessing = 0;
		};
		863474881F08262000E7EB86 /* Sources */ = {
			isa = PBXSourcesBuildPhase;
			buildActionMask = 2147483647;
			files = (
				863474911F08262000E7EB86 /* BtcUITests.swift in Sources */,
			);
			runOnlyForDeploymentPostprocessing = 0;
		};
		868F1A7B1F7D301E0093402A /* Sources */ = {
			isa = PBXSourcesBuildPhase;
			buildActionMask = 2147483647;
			files = (
				868F1A7C1F7D301E0093402A /* Reachability.swift in Sources */,
				868F1A7D1F7D301E0093402A /* NewsViewController.swift in Sources */,
				86BD6F9F1F87BF5200C4B0CA /* CustomUIButton.swift in Sources */,
				8602BAAF1F83C824003733E8 /* GradientView.swift in Sources */,
				868F1A7E1F7D301E0093402A /* MainViewController.swift in Sources */,
				868F1A7F1F7D301E0093402A /* CustomNewsTableViewCell.swift in Sources */,
				868F1A801F7D301E0093402A /* NewsData.swift in Sources */,
				868F1A811F7D301E0093402A /* CollectionViewHeader.swift in Sources */,
				86AC1F271F9137B70079F013 /* BalloonMarker.swift in Sources */,
				868F1A821F7D301E0093402A /* CountrySelectionViewController.swift in Sources */,
				868F1A831F7D301E0093402A /* GraphViewController.swift in Sources */,
				86AFB1001FACBCF000AB6DFC /* LeftViewController.swift in Sources */,
				868F1A841F7D301E0093402A /* MyCollectionViewCell.swift in Sources */,
				86BD6F9C1F85236100C4B0CA /* MarketsModel.swift in Sources */,
				8602BAB81F83D217003733E8 /* UIColor+Extensions.swift in Sources */,
				86BD6F991F85203700C4B0CA /* MarketTableViewCell.swift in Sources */,
				868F1A851F7D301E0093402A /* BtcPrices.swift in Sources */,
				868F1A861F7D301E0093402A /* DashboardViewController.swift in Sources */,
				868F1A871F7D301E0093402A /* AppDelegate.swift in Sources */,
				868F1A881F7D301E0093402A /* MarketViewController.swift in Sources */,
			);
			runOnlyForDeploymentPostprocessing = 0;
		};
/* End PBXSourcesBuildPhase section */

/* Begin PBXTargetDependency section */
		863474831F08262000E7EB86 /* PBXTargetDependency */ = {
			isa = PBXTargetDependency;
			target = 8634746A1F08262000E7EB86 /* Cryptare */;
			targetProxy = 863474821F08262000E7EB86 /* PBXContainerItemProxy */;
		};
		8634748E1F08262000E7EB86 /* PBXTargetDependency */ = {
			isa = PBXTargetDependency;
			target = 8634746A1F08262000E7EB86 /* Cryptare */;
			targetProxy = 8634748D1F08262000E7EB86 /* PBXContainerItemProxy */;
		};
/* End PBXTargetDependency section */

/* Begin PBXVariantGroup section */
		863474741F08262000E7EB86 /* Main.storyboard */ = {
			isa = PBXVariantGroup;
			children = (
				863474751F08262000E7EB86 /* Base */,
			);
			name = Main.storyboard;
			sourceTree = "<group>";
		};
		863474791F08262000E7EB86 /* LaunchScreen.storyboard */ = {
			isa = PBXVariantGroup;
			children = (
				8634747A1F08262000E7EB86 /* Base */,
			);
			name = LaunchScreen.storyboard;
			sourceTree = "<group>";
		};
/* End PBXVariantGroup section */

/* Begin XCBuildConfiguration section */
		863474931F08262000E7EB86 /* Debug */ = {
			isa = XCBuildConfiguration;
			buildSettings = {
				ALWAYS_SEARCH_USER_PATHS = NO;
				CLANG_ANALYZER_NONNULL = YES;
				CLANG_ANALYZER_NUMBER_OBJECT_CONVERSION = YES_AGGRESSIVE;
				CLANG_CXX_LANGUAGE_STANDARD = "gnu++0x";
				CLANG_CXX_LIBRARY = "libc++";
				CLANG_ENABLE_MODULES = YES;
				CLANG_ENABLE_OBJC_ARC = YES;
				CLANG_WARN_BLOCK_CAPTURE_AUTORELEASING = YES;
				CLANG_WARN_BOOL_CONVERSION = YES;
				CLANG_WARN_COMMA = YES;
				CLANG_WARN_CONSTANT_CONVERSION = YES;
				CLANG_WARN_DIRECT_OBJC_ISA_USAGE = YES_ERROR;
				CLANG_WARN_DOCUMENTATION_COMMENTS = YES;
				CLANG_WARN_EMPTY_BODY = YES;
				CLANG_WARN_ENUM_CONVERSION = YES;
				CLANG_WARN_INFINITE_RECURSION = YES;
				CLANG_WARN_INT_CONVERSION = YES;
				CLANG_WARN_NON_LITERAL_NULL_CONVERSION = YES;
				CLANG_WARN_OBJC_LITERAL_CONVERSION = YES;
				CLANG_WARN_OBJC_ROOT_CLASS = YES_ERROR;
				CLANG_WARN_RANGE_LOOP_ANALYSIS = YES;
				CLANG_WARN_STRICT_PROTOTYPES = YES;
				CLANG_WARN_SUSPICIOUS_MOVE = YES;
				CLANG_WARN_UNREACHABLE_CODE = YES;
				CLANG_WARN__DUPLICATE_METHOD_MATCH = YES;
				"CODE_SIGN_IDENTITY[sdk=iphoneos*]" = "iPhone Developer";
				COPY_PHASE_STRIP = NO;
				DEBUG_INFORMATION_FORMAT = dwarf;
				ENABLE_STRICT_OBJC_MSGSEND = YES;
				ENABLE_TESTABILITY = YES;
				GCC_C_LANGUAGE_STANDARD = gnu99;
				GCC_DYNAMIC_NO_PIC = NO;
				GCC_NO_COMMON_BLOCKS = YES;
				GCC_OPTIMIZATION_LEVEL = 0;
				GCC_PREPROCESSOR_DEFINITIONS = (
					"DEBUG=1",
					"$(inherited)",
				);
				GCC_WARN_64_TO_32_BIT_CONVERSION = YES;
				GCC_WARN_ABOUT_RETURN_TYPE = YES_ERROR;
				GCC_WARN_UNDECLARED_SELECTOR = YES;
				GCC_WARN_UNINITIALIZED_AUTOS = YES_AGGRESSIVE;
				GCC_WARN_UNUSED_FUNCTION = YES;
				GCC_WARN_UNUSED_VARIABLE = YES;
				IPHONEOS_DEPLOYMENT_TARGET = 11.0;
				MTL_ENABLE_DEBUG_INFO = YES;
				ONLY_ACTIVE_ARCH = YES;
				SDKROOT = iphoneos;
				SWIFT_ACTIVE_COMPILATION_CONDITIONS = DEBUG;
				SWIFT_OPTIMIZATION_LEVEL = "-Onone";
				TARGETED_DEVICE_FAMILY = "1,2";
			};
			name = Debug;
		};
		863474941F08262000E7EB86 /* Release */ = {
			isa = XCBuildConfiguration;
			buildSettings = {
				ALWAYS_SEARCH_USER_PATHS = NO;
				CLANG_ANALYZER_NONNULL = YES;
				CLANG_ANALYZER_NUMBER_OBJECT_CONVERSION = YES_AGGRESSIVE;
				CLANG_CXX_LANGUAGE_STANDARD = "gnu++0x";
				CLANG_CXX_LIBRARY = "libc++";
				CLANG_ENABLE_MODULES = YES;
				CLANG_ENABLE_OBJC_ARC = YES;
				CLANG_WARN_BLOCK_CAPTURE_AUTORELEASING = YES;
				CLANG_WARN_BOOL_CONVERSION = YES;
				CLANG_WARN_COMMA = YES;
				CLANG_WARN_CONSTANT_CONVERSION = YES;
				CLANG_WARN_DIRECT_OBJC_ISA_USAGE = YES_ERROR;
				CLANG_WARN_DOCUMENTATION_COMMENTS = YES;
				CLANG_WARN_EMPTY_BODY = YES;
				CLANG_WARN_ENUM_CONVERSION = YES;
				CLANG_WARN_INFINITE_RECURSION = YES;
				CLANG_WARN_INT_CONVERSION = YES;
				CLANG_WARN_NON_LITERAL_NULL_CONVERSION = YES;
				CLANG_WARN_OBJC_LITERAL_CONVERSION = YES;
				CLANG_WARN_OBJC_ROOT_CLASS = YES_ERROR;
				CLANG_WARN_RANGE_LOOP_ANALYSIS = YES;
				CLANG_WARN_STRICT_PROTOTYPES = YES;
				CLANG_WARN_SUSPICIOUS_MOVE = YES;
				CLANG_WARN_UNREACHABLE_CODE = YES;
				CLANG_WARN__DUPLICATE_METHOD_MATCH = YES;
				"CODE_SIGN_IDENTITY[sdk=iphoneos*]" = "iPhone Developer";
				COPY_PHASE_STRIP = NO;
				DEBUG_INFORMATION_FORMAT = "dwarf-with-dsym";
				ENABLE_NS_ASSERTIONS = NO;
				ENABLE_STRICT_OBJC_MSGSEND = YES;
				GCC_C_LANGUAGE_STANDARD = gnu99;
				GCC_NO_COMMON_BLOCKS = YES;
				GCC_WARN_64_TO_32_BIT_CONVERSION = YES;
				GCC_WARN_ABOUT_RETURN_TYPE = YES_ERROR;
				GCC_WARN_UNDECLARED_SELECTOR = YES;
				GCC_WARN_UNINITIALIZED_AUTOS = YES_AGGRESSIVE;
				GCC_WARN_UNUSED_FUNCTION = YES;
				GCC_WARN_UNUSED_VARIABLE = YES;
				IPHONEOS_DEPLOYMENT_TARGET = 11.0;
				MTL_ENABLE_DEBUG_INFO = NO;
				SDKROOT = iphoneos;
				SWIFT_OPTIMIZATION_LEVEL = "-Owholemodule";
				TARGETED_DEVICE_FAMILY = "1,2";
				VALIDATE_PRODUCT = YES;
			};
			name = Release;
		};
		863474961F08262000E7EB86 /* Debug */ = {
			isa = XCBuildConfiguration;
			baseConfigurationReference = D68A21A47030A35D2F326E63 /* Pods-Cryptare.debug.xcconfig */;
			buildSettings = {
				ASSETCATALOG_COMPILER_APPICON_NAME = AppIcon;
				ASSETCATALOG_COMPILER_LAUNCHIMAGE_NAME = LaunchImage;
				CODE_SIGN_ENTITLEMENTS = Cryptare.entitlements;
				"CODE_SIGN_IDENTITY[sdk=iphoneos*]" = "iPhone Developer";
				DEVELOPMENT_TEAM = J724CNLQL9;
				ENABLE_BITCODE = NO;
				FRAMEWORK_SEARCH_PATHS = "$(inherited)";
				INFOPLIST_FILE = Btc/Info.plist;
				IPHONEOS_DEPLOYMENT_TARGET = 9.0;
				LD_RUNPATH_SEARCH_PATHS = "$(inherited) @executable_path/Frameworks";
				OTHER_SWIFT_FLAGS = "$(inherited) \"-D\" \"COCOAPODS\" \"-DPRO_VERSION\"";
				PRODUCT_BUNDLE_IDENTIFIER = com.atalwar.Cryptare;
				PRODUCT_NAME = "$(TARGET_NAME)";
				PROVISIONING_PROFILE_SPECIFIER = "";
				SWIFT_VERSION = 4.0;
				TARGETED_DEVICE_FAMILY = "1,2";
			};
			name = Debug;
		};
		863474971F08262000E7EB86 /* Release */ = {
			isa = XCBuildConfiguration;
			baseConfigurationReference = D5347ECE0D982E7812EB9F39 /* Pods-Cryptare.release.xcconfig */;
			buildSettings = {
				ASSETCATALOG_COMPILER_APPICON_NAME = AppIcon;
				ASSETCATALOG_COMPILER_LAUNCHIMAGE_NAME = LaunchImage;
				CODE_SIGN_ENTITLEMENTS = Cryptare.entitlements;
				"CODE_SIGN_IDENTITY[sdk=iphoneos*]" = "iPhone Developer";
				DEVELOPMENT_TEAM = J724CNLQL9;
				ENABLE_BITCODE = NO;
				FRAMEWORK_SEARCH_PATHS = "$(inherited)";
				INFOPLIST_FILE = Btc/Info.plist;
				IPHONEOS_DEPLOYMENT_TARGET = 9.0;
				LD_RUNPATH_SEARCH_PATHS = "$(inherited) @executable_path/Frameworks";
				OTHER_SWIFT_FLAGS = "$(inherited) \"-D\" \"COCOAPODS\" \"-DPRO_VERSION\"";
				PRODUCT_BUNDLE_IDENTIFIER = com.atalwar.Cryptare;
				PRODUCT_NAME = "$(TARGET_NAME)";
				PROVISIONING_PROFILE_SPECIFIER = "";
				SWIFT_VERSION = 4.0;
				TARGETED_DEVICE_FAMILY = "1,2";
			};
			name = Release;
		};
		863474991F08262000E7EB86 /* Debug */ = {
			isa = XCBuildConfiguration;
			baseConfigurationReference = 89C3E03A9A5500274E40B35C /* Pods-BtcTests.debug.xcconfig */;
			buildSettings = {
				ALWAYS_EMBED_SWIFT_STANDARD_LIBRARIES = YES;
				BUNDLE_LOADER = "$(TEST_HOST)";
				INFOPLIST_FILE = BtcTests/Info.plist;
				LD_RUNPATH_SEARCH_PATHS = "$(inherited) @executable_path/Frameworks @loader_path/Frameworks";
				PRODUCT_BUNDLE_IDENTIFIER = com.atalw.BtcTests;
				PRODUCT_NAME = "$(TARGET_NAME)";
				SWIFT_SWIFT3_OBJC_INFERENCE = On;
				SWIFT_VERSION = 4.0;
				TEST_HOST = "$(BUILT_PRODUCTS_DIR)/Btc.app/Btc";
			};
			name = Debug;
		};
		8634749A1F08262000E7EB86 /* Release */ = {
			isa = XCBuildConfiguration;
			baseConfigurationReference = B865ADC4331AD635123F4BA3 /* Pods-BtcTests.release.xcconfig */;
			buildSettings = {
				ALWAYS_EMBED_SWIFT_STANDARD_LIBRARIES = YES;
				BUNDLE_LOADER = "$(TEST_HOST)";
				INFOPLIST_FILE = BtcTests/Info.plist;
				LD_RUNPATH_SEARCH_PATHS = "$(inherited) @executable_path/Frameworks @loader_path/Frameworks";
				PRODUCT_BUNDLE_IDENTIFIER = com.atalw.BtcTests;
				PRODUCT_NAME = "$(TARGET_NAME)";
				SWIFT_SWIFT3_OBJC_INFERENCE = On;
				SWIFT_VERSION = 4.0;
				TEST_HOST = "$(BUILT_PRODUCTS_DIR)/Btc.app/Btc";
			};
			name = Release;
		};
		8634749C1F08262000E7EB86 /* Debug */ = {
			isa = XCBuildConfiguration;
			baseConfigurationReference = 4643726C838D7B730E341055 /* Pods-BtcUITests.debug.xcconfig */;
			buildSettings = {
				ALWAYS_EMBED_SWIFT_STANDARD_LIBRARIES = YES;
				INFOPLIST_FILE = BtcUITests/Info.plist;
				LD_RUNPATH_SEARCH_PATHS = "$(inherited) @executable_path/Frameworks @loader_path/Frameworks";
				PRODUCT_BUNDLE_IDENTIFIER = com.atalw.BtcUITests;
				PRODUCT_NAME = "$(TARGET_NAME)";
				SWIFT_SWIFT3_OBJC_INFERENCE = On;
				SWIFT_VERSION = 4.0;
				TEST_TARGET_NAME = Btc;
			};
			name = Debug;
		};
		8634749D1F08262000E7EB86 /* Release */ = {
			isa = XCBuildConfiguration;
			baseConfigurationReference = 93D9E17B6A5E6D4DE3E9D96F /* Pods-BtcUITests.release.xcconfig */;
			buildSettings = {
				ALWAYS_EMBED_SWIFT_STANDARD_LIBRARIES = YES;
				INFOPLIST_FILE = BtcUITests/Info.plist;
				LD_RUNPATH_SEARCH_PATHS = "$(inherited) @executable_path/Frameworks @loader_path/Frameworks";
				PRODUCT_BUNDLE_IDENTIFIER = com.atalw.BtcUITests;
				PRODUCT_NAME = "$(TARGET_NAME)";
				SWIFT_SWIFT3_OBJC_INFERENCE = On;
				SWIFT_VERSION = 4.0;
				TEST_TARGET_NAME = Btc;
			};
			name = Release;
		};
		868F1A9D1F7D301E0093402A /* Debug */ = {
			isa = XCBuildConfiguration;
			baseConfigurationReference = 54C87E315B99D4F1EB0E7670 /* Pods-Cryptare-CryptareLite.debug.xcconfig */;
			buildSettings = {
				ASSETCATALOG_COMPILER_APPICON_NAME = AppIconLite;
				ASSETCATALOG_COMPILER_LAUNCHIMAGE_NAME = LaunchImage;
				CODE_SIGN_ENTITLEMENTS = CryptareLite.entitlements;
				"CODE_SIGN_IDENTITY[sdk=iphoneos*]" = "iPhone Developer";
				DEVELOPMENT_TEAM = J724CNLQL9;
				ENABLE_BITCODE = NO;
				FRAMEWORK_SEARCH_PATHS = (
					"$(inherited)",
					"$(PROJECT_DIR)",
				);
				INFOPLIST_FILE = InfoLite.plist;
				IPHONEOS_DEPLOYMENT_TARGET = 9.0;
				LD_RUNPATH_SEARCH_PATHS = "$(inherited) @executable_path/Frameworks";
				OTHER_SWIFT_FLAGS = "$(inherited) \"-D\" \"COCOAPODS\" \"-DLITE_VERSION\"";
				PRODUCT_BUNDLE_IDENTIFIER = com.atalwar.CryptareLite;
				PRODUCT_NAME = "$(TARGET_NAME)";
				PROVISIONING_PROFILE_SPECIFIER = "";
				SWIFT_VERSION = 4.0;
				TARGETED_DEVICE_FAMILY = "1,2";
			};
			name = Debug;
		};
		868F1A9E1F7D301E0093402A /* Release */ = {
			isa = XCBuildConfiguration;
			baseConfigurationReference = 463EE106F5CD862D7D291E64 /* Pods-Cryptare-CryptareLite.release.xcconfig */;
			buildSettings = {
				ASSETCATALOG_COMPILER_APPICON_NAME = AppIconLite;
				ASSETCATALOG_COMPILER_LAUNCHIMAGE_NAME = LaunchImage;
				CODE_SIGN_ENTITLEMENTS = CryptareLite.entitlements;
				"CODE_SIGN_IDENTITY[sdk=iphoneos*]" = "iPhone Developer";
				DEVELOPMENT_TEAM = J724CNLQL9;
				ENABLE_BITCODE = NO;
				FRAMEWORK_SEARCH_PATHS = (
					"$(inherited)",
					"$(PROJECT_DIR)",
				);
				INFOPLIST_FILE = InfoLite.plist;
				IPHONEOS_DEPLOYMENT_TARGET = 9.0;
				LD_RUNPATH_SEARCH_PATHS = "$(inherited) @executable_path/Frameworks";
				OTHER_SWIFT_FLAGS = "$(inherited) \"-D\" \"COCOAPODS\" \"-DLITE_VERSION\"";
				PRODUCT_BUNDLE_IDENTIFIER = com.atalwar.CryptareLite;
				PRODUCT_NAME = "$(TARGET_NAME)";
				PROVISIONING_PROFILE_SPECIFIER = "";
				SWIFT_VERSION = 4.0;
				TARGETED_DEVICE_FAMILY = "1,2";
			};
			name = Release;
		};
/* End XCBuildConfiguration section */

/* Begin XCConfigurationList section */
		863474661F08262000E7EB86 /* Build configuration list for PBXProject "Btc" */ = {
			isa = XCConfigurationList;
			buildConfigurations = (
				863474931F08262000E7EB86 /* Debug */,
				863474941F08262000E7EB86 /* Release */,
			);
			defaultConfigurationIsVisible = 0;
			defaultConfigurationName = Release;
		};
		863474951F08262000E7EB86 /* Build configuration list for PBXNativeTarget "Cryptare" */ = {
			isa = XCConfigurationList;
			buildConfigurations = (
				863474961F08262000E7EB86 /* Debug */,
				863474971F08262000E7EB86 /* Release */,
			);
			defaultConfigurationIsVisible = 0;
			defaultConfigurationName = Release;
		};
		863474981F08262000E7EB86 /* Build configuration list for PBXNativeTarget "BtcTests" */ = {
			isa = XCConfigurationList;
			buildConfigurations = (
				863474991F08262000E7EB86 /* Debug */,
				8634749A1F08262000E7EB86 /* Release */,
			);
			defaultConfigurationIsVisible = 0;
			defaultConfigurationName = Release;
		};
		8634749B1F08262000E7EB86 /* Build configuration list for PBXNativeTarget "BtcUITests" */ = {
			isa = XCConfigurationList;
			buildConfigurations = (
				8634749C1F08262000E7EB86 /* Debug */,
				8634749D1F08262000E7EB86 /* Release */,
			);
			defaultConfigurationIsVisible = 0;
			defaultConfigurationName = Release;
		};
		868F1A9C1F7D301E0093402A /* Build configuration list for PBXNativeTarget "CryptareLite" */ = {
			isa = XCConfigurationList;
			buildConfigurations = (
				868F1A9D1F7D301E0093402A /* Debug */,
				868F1A9E1F7D301E0093402A /* Release */,
			);
			defaultConfigurationIsVisible = 0;
			defaultConfigurationName = Release;
		};
/* End XCConfigurationList section */
	};
	rootObject = 863474631F08262000E7EB86 /* Project object */;
}
